
Microsoft Visual Studio Solution File, Format Version 12.00
# Visual Studio 15
VisualStudioVersion = 15.0.28307.271
MinimumVisualStudioVersion = 10.0.40219.1
Project("{FAE04EC0-301F-11D3-BF4B-00C04F79EFBC}") = "shortpathprolab", "shortpathprolab\shortpathprolab.csproj", "{99FA245E-CBFB-4CE9-A33D-454870C125EC}"
EndProject
Global
	GlobalSection(SolutionConfigurationPlatforms) = preSolution
		Debug|Any CPU = Debug|Any CPU
		Release|Any CPU = Release|Any CPU
	EndGlobalSection
	GlobalSection(ProjectConfigurationPlatforms) = postSolution
		{99FA245E-CBFB-4CE9-A33D-454870C125EC}.Debug|Any CPU.ActiveCfg = Debug|Any CPU
		{99FA245E-CBFB-4CE9-A33D-454870C125EC}.Debug|Any CPU.Build.0 = Debug|Any CPU
		{99FA245E-CBFB-4CE9-A33D-454870C125EC}.Release|Any CPU.ActiveCfg = Release|Any CPU
		{99FA245E-CBFB-4CE9-A33D-454870C125EC}.Release|Any CPU.Build.0 = Release|Any CPU
	EndGlobalSection
	GlobalSection(SolutionProperties) = preSolution
		HideSolutionNode = FALSE
	EndGlobalSection
	GlobalSection(ExtensibilityGlobals) = postSolution
		SolutionGuid = {6BE3B57E-59D7-4651-AFAF-8E1EAE9E61F4}
	EndGlobalSection
EndGlobal
